
Microsoft Visual Studio Solution File, Format Version 12.00
# Visual Studio 15
VisualStudioVersion = 15.0.27703.2000
MinimumVisualStudioVersion = 10.0.40219.1
Project("{FAE04EC0-301F-11D3-BF4B-00C04F79EFBC}") = "Edit-TOC", "Edit-TOC\Edit-TOC.csproj", "{BF8FBE22-9BE5-4725-8F79-BB019191D97C}"
EndProject
Global
	GlobalSection(SolutionConfigurationPlatforms) = preSolution
		Debug|Any CPU = Debug|Any CPU
		Release|Any CPU = Release|Any CPU
	EndGlobalSection
	GlobalSection(ProjectConfigurationPlatforms) = postSolution
		{BF8FBE22-9BE5-4725-8F79-BB019191D97C}.Debug|Any CPU.ActiveCfg = Debug|Any CPU
		{BF8FBE22-9BE5-4725-8F79-BB019191D97C}.Debug|Any CPU.Build.0 = Debug|Any CPU
		{BF8FBE22-9BE5-4725-8F79-BB019191D97C}.Release|Any CPU.ActiveCfg = Release|Any CPU
		{BF8FBE22-9BE5-4725-8F79-BB019191D97C}.Release|Any CPU.Build.0 = Release|Any CPU
	EndGlobalSection
	GlobalSection(SolutionProperties) = preSolution
		HideSolutionNode = FALSE
	EndGlobalSection
	GlobalSection(ExtensibilityGlobals) = postSolution
		SolutionGuid = {EFA6DF6B-C736-47AF-98F1-355D19028F30}
	EndGlobalSection
EndGlobal
